
Microsoft Visual Studio Solution File, Format Version 12.00
# Visual Studio Version 16
VisualStudioVersion = 16.0.29519.87
MinimumVisualStudioVersion = 10.0.40219.1
Project("{FAE04EC0-301F-11D3-BF4B-00C04F79EFBC}") = "WebApplication1", "WebApplication1.csproj", "{CAC28541-47AC-44B8-9371-B4DB62B488F4}"
EndProject
Global
	GlobalSection(SolutionConfigurationPlatforms) = preSolution
		Debug|Any CPU = Debug|Any CPU
		Release|Any CPU = Release|Any CPU
	EndGlobalSection
	GlobalSection(ProjectConfigurationPlatforms) = postSolution
		{CAC28541-47AC-44B8-9371-B4DB62B488F4}.Debug|Any CPU.ActiveCfg = Debug|Any CPU
		{CAC28541-47AC-44B8-9371-B4DB62B488F4}.Debug|Any CPU.Build.0 = Debug|Any CPU
		{CAC28541-47AC-44B8-9371-B4DB62B488F4}.Release|Any CPU.ActiveCfg = Release|Any CPU
		{CAC28541-47AC-44B8-9371-B4DB62B488F4}.Release|Any CPU.Build.0 = Release|Any CPU
	EndGlobalSection
	GlobalSection(SolutionProperties) = preSolution
		HideSolutionNode = FALSE
	EndGlobalSection
	GlobalSection(ExtensibilityGlobals) = postSolution
		SolutionGuid = {0E2A900E-8203-4FF9-BF10-B8D81AC08E7C}
	EndGlobalSection
EndGlobal
